
Microsoft Visual Studio Solution File, Format Version 12.00
# Visual Studio Version 16
VisualStudioVersion = 16.0.30804.86
MinimumVisualStudioVersion = 10.0.40219.1
Project("{9A19103F-16F7-4668-BE54-9A1E7A4F7556}") = "NickX.Dozentenplanung.ClientApplication", "NickX.Dozentenplanung.ClientApplication\NickX.Dozentenplanung.ClientApplication.csproj", "{1406025F-B96B-4B89-9843-C0E0AB2D1840}"
EndProject
Project("{FAE04EC0-301F-11D3-BF4B-00C04F79EFBC}") = "NickX.Dozentenplanung.Utils", "NickX.Dozentenplanung.Utils\NickX.Dozentenplanung.Utils.csproj", "{33A132ED-CDE5-4AFF-9483-F2E362927F53}"
EndProject
Global
	GlobalSection(SolutionConfigurationPlatforms) = preSolution
		Debug|Any CPU = Debug|Any CPU
		Release|Any CPU = Release|Any CPU
	EndGlobalSection
	GlobalSection(ProjectConfigurationPlatforms) = postSolution
		{1406025F-B96B-4B89-9843-C0E0AB2D1840}.Debug|Any CPU.ActiveCfg = Debug|Any CPU
		{1406025F-B96B-4B89-9843-C0E0AB2D1840}.Debug|Any CPU.Build.0 = Debug|Any CPU
		{1406025F-B96B-4B89-9843-C0E0AB2D1840}.Release|Any CPU.ActiveCfg = Release|Any CPU
		{1406025F-B96B-4B89-9843-C0E0AB2D1840}.Release|Any CPU.Build.0 = Release|Any CPU
		{33A132ED-CDE5-4AFF-9483-F2E362927F53}.Debug|Any CPU.ActiveCfg = Debug|Any CPU
		{33A132ED-CDE5-4AFF-9483-F2E362927F53}.Debug|Any CPU.Build.0 = Debug|Any CPU
		{33A132ED-CDE5-4AFF-9483-F2E362927F53}.Release|Any CPU.ActiveCfg = Release|Any CPU
		{33A132ED-CDE5-4AFF-9483-F2E362927F53}.Release|Any CPU.Build.0 = Release|Any CPU
	EndGlobalSection
	GlobalSection(SolutionProperties) = preSolution
		HideSolutionNode = FALSE
	EndGlobalSection
	GlobalSection(ExtensibilityGlobals) = postSolution
		SolutionGuid = {2E84D3BD-D33D-4FE6-8A08-94EDB8C77756}
	EndGlobalSection
EndGlobal
